
Microsoft Visual Studio Solution File, Format Version 12.00
# Visual Studio Version 17
VisualStudioVersion = 17.5.33530.505
MinimumVisualStudioVersion = 10.0.40219.1
Project("{FAE04EC0-301F-11D3-BF4B-00C04F79EFBC}") = "ProjetoAula05", "ProjetoAula05\ProjetoAula05.csproj", "{AFE45D10-3EF4-4B67-95AC-DA0407D3E92D}"
EndProject
Global
	GlobalSection(SolutionConfigurationPlatforms) = preSolution
		Debug|Any CPU = Debug|Any CPU
		Release|Any CPU = Release|Any CPU
	EndGlobalSection
	GlobalSection(ProjectConfigurationPlatforms) = postSolution
		{AFE45D10-3EF4-4B67-95AC-DA0407D3E92D}.Debug|Any CPU.ActiveCfg = Debug|Any CPU
		{AFE45D10-3EF4-4B67-95AC-DA0407D3E92D}.Debug|Any CPU.Build.0 = Debug|Any CPU
		{AFE45D10-3EF4-4B67-95AC-DA0407D3E92D}.Release|Any CPU.ActiveCfg = Release|Any CPU
		{AFE45D10-3EF4-4B67-95AC-DA0407D3E92D}.Release|Any CPU.Build.0 = Release|Any CPU
	EndGlobalSection
	GlobalSection(SolutionProperties) = preSolution
		HideSolutionNode = FALSE
	EndGlobalSection
	GlobalSection(ExtensibilityGlobals) = postSolution
		SolutionGuid = {CCED7B26-C6B2-4F85-B457-F34ADF417A39}
	EndGlobalSection
EndGlobal
